
Microsoft Visual Studio Solution File, Format Version 12.00
# Visual Studio Version 16
VisualStudioVersion = 16.0.30717.126
MinimumVisualStudioVersion = 10.0.40219.1
Project("{FAE04EC0-301F-11D3-BF4B-00C04F79EFBC}") = "RandomMemberNameGenerator", "RandomMemberNameGenerator.csproj", "{9A22FB89-B9FE-4585-AFCB-EF7ED0D67C84}"
EndProject
Global
	GlobalSection(SolutionConfigurationPlatforms) = preSolution
		Debug|Any CPU = Debug|Any CPU
		Release|Any CPU = Release|Any CPU
	EndGlobalSection
	GlobalSection(ProjectConfigurationPlatforms) = postSolution
		{9A22FB89-B9FE-4585-AFCB-EF7ED0D67C84}.Debug|Any CPU.ActiveCfg = Debug|Any CPU
		{9A22FB89-B9FE-4585-AFCB-EF7ED0D67C84}.Debug|Any CPU.Build.0 = Debug|Any CPU
		{9A22FB89-B9FE-4585-AFCB-EF7ED0D67C84}.Release|Any CPU.ActiveCfg = Release|Any CPU
		{9A22FB89-B9FE-4585-AFCB-EF7ED0D67C84}.Release|Any CPU.Build.0 = Release|Any CPU
	EndGlobalSection
	GlobalSection(SolutionProperties) = preSolution
		HideSolutionNode = FALSE
	EndGlobalSection
	GlobalSection(ExtensibilityGlobals) = postSolution
		SolutionGuid = {65AFFE23-C234-465A-A134-E48BD0A984B7}
	EndGlobalSection
EndGlobal
